
Microsoft Visual Studio Solution File, Format Version 12.00
# Visual Studio Version 17
VisualStudioVersion = 17.5.002.0
MinimumVisualStudioVersion = 10.0.40219.1
Project("{9A19103F-16F7-4668-BE54-9A1E7A4F7556}") = "Exo.WebApi", "Exo.WebApi.csproj", "{4472A97F-566A-49CB-8A4B-B600316A5655}"
EndProject
Global
	GlobalSection(SolutionConfigurationPlatforms) = preSolution
		Debug|Any CPU = Debug|Any CPU
		Release|Any CPU = Release|Any CPU
	EndGlobalSection
	GlobalSection(ProjectConfigurationPlatforms) = postSolution
		{4472A97F-566A-49CB-8A4B-B600316A5655}.Debug|Any CPU.ActiveCfg = Debug|Any CPU
		{4472A97F-566A-49CB-8A4B-B600316A5655}.Debug|Any CPU.Build.0 = Debug|Any CPU
		{4472A97F-566A-49CB-8A4B-B600316A5655}.Release|Any CPU.ActiveCfg = Release|Any CPU
		{4472A97F-566A-49CB-8A4B-B600316A5655}.Release|Any CPU.Build.0 = Release|Any CPU
	EndGlobalSection
	GlobalSection(SolutionProperties) = preSolution
		HideSolutionNode = FALSE
	EndGlobalSection
	GlobalSection(ExtensibilityGlobals) = postSolution
		SolutionGuid = {5C8DDF22-B46A-4DEC-92EA-470B84228679}
	EndGlobalSection
EndGlobal
